Microsoft Visual Studio Solution File, Format Version 12.00
# Visual Studio Version 17
VisualStudioVersion = 17.5.2.0
MinimumVisualStudioVersion = 10.0.40219.1
Project("{FAE04EC0-301F-11D3-BF4B-00C04F79EFBC}") = "ocho_elementos_array", "ocho_elementos_array.csproj", "{C45008EA-DF78-A338-A1AC-D5FA132780A7}"
EndProject
Global
	GlobalSection(SolutionConfigurationPlatforms) = preSolution
		Debug|Any CPU = Debug|Any CPU
		Release|Any CPU = Release|Any CPU
	EndGlobalSection
	GlobalSection(ProjectConfigurationPlatforms) = postSolution
		{C45008EA-DF78-A338-A1AC-D5FA132780A7}.Debug|Any CPU.ActiveCfg = Debug|Any CPU
		{C45008EA-DF78-A338-A1AC-D5FA132780A7}.Debug|Any CPU.Build.0 = Debug|Any CPU
		{C45008EA-DF78-A338-A1AC-D5FA132780A7}.Release|Any CPU.ActiveCfg = Release|Any CPU
		{C45008EA-DF78-A338-A1AC-D5FA132780A7}.Release|Any CPU.Build.0 = Release|Any CPU
	EndGlobalSection
	GlobalSection(SolutionProperties) = preSolution
		HideSolutionNode = FALSE
	EndGlobalSection
	GlobalSection(ExtensibilityGlobals) = postSolution
		SolutionGuid = {8786BD77-980B-4956-98CE-30F3A1796036}
	EndGlobalSection
EndGlobal
